
Microsoft Visual Studio Solution File, Format Version 12.00
# Visual Studio Version 17
VisualStudioVersion = 17.0.31912.275
MinimumVisualStudioVersion = 10.0.40219.1
Project("{9A19103F-16F7-4668-BE54-9A1E7A4F7556}") = "CCPS_Project_New_Tech", "CCPS_Project_New_Tech\CCPS_Project_New_Tech.csproj", "{B768F003-D0AD-4F6F-8A95-8AC43A9A430A}"
EndProject
Global
	GlobalSection(SolutionConfigurationPlatforms) = preSolution
		Debug|Any CPU = Debug|Any CPU
		Release|Any CPU = Release|Any CPU
	EndGlobalSection
	GlobalSection(ProjectConfigurationPlatforms) = postSolution
		{B768F003-D0AD-4F6F-8A95-8AC43A9A430A}.Debug|Any CPU.ActiveCfg = Debug|Any CPU
		{B768F003-D0AD-4F6F-8A95-8AC43A9A430A}.Debug|Any CPU.Build.0 = Debug|Any CPU
		{B768F003-D0AD-4F6F-8A95-8AC43A9A430A}.Release|Any CPU.ActiveCfg = Release|Any CPU
		{B768F003-D0AD-4F6F-8A95-8AC43A9A430A}.Release|Any CPU.Build.0 = Release|Any CPU
	EndGlobalSection
	GlobalSection(SolutionProperties) = preSolution
		HideSolutionNode = FALSE
	EndGlobalSection
	GlobalSection(ExtensibilityGlobals) = postSolution
		SolutionGuid = {F6374CBE-D21B-4528-9411-530BA134A926}
	EndGlobalSection
EndGlobal
